
Microsoft Visual Studio Solution File, Format Version 12.00
# Visual Studio 2012
Project("{FAE04EC0-301F-11D3-BF4B-00C04F79EFBC}") = "OneConfig", "OneConfig\OneConfig.csproj", "{6842D144-9460-428A-A1B9-A6611B3B74A3}"
EndProject
Global
	GlobalSection(SolutionConfigurationPlatforms) = preSolution
		Debug|Any CPU = Debug|Any CPU
		Release|Any CPU = Release|Any CPU
	EndGlobalSection
	GlobalSection(ProjectConfigurationPlatforms) = postSolution
		{6842D144-9460-428A-A1B9-A6611B3B74A3}.Debug|Any CPU.ActiveCfg = Debug|Any CPU
		{6842D144-9460-428A-A1B9-A6611B3B74A3}.Debug|Any CPU.Build.0 = Debug|Any CPU
		{6842D144-9460-428A-A1B9-A6611B3B74A3}.Release|Any CPU.ActiveCfg = Release|Any CPU
		{6842D144-9460-428A-A1B9-A6611B3B74A3}.Release|Any CPU.Build.0 = Release|Any CPU
	EndGlobalSection
EndGlobal
